
Microsoft Visual Studio Solution File, Format Version 12.00
# Visual Studio Version 17
VisualStudioVersion = 17.12.35527.113
MinimumVisualStudioVersion = 10.0.40219.1
Project("{2150E333-8FDC-42A3-9474-1A3956D46DE8}") = "Services", "Services", "{26E52E2C-201F-452E-BF35-7F29709C8FE4}"
EndProject
Project("{2150E333-8FDC-42A3-9474-1A3956D46DE8}") = "Catalog", "Catalog", "{FFF00D84-0375-44E6-8237-48ACA2331528}"
EndProject
Project("{FAE04EC0-301F-11D3-BF4B-00C04F79EFBC}") = "Catalog.API", "Services\Catalog\Catalog.API\Catalog.API.csproj", "{701E07AE-40F8-4499-8233-96981AD052CE}"
EndProject
Project("{2150E333-8FDC-42A3-9474-1A3956D46DE8}") = "BuildingBlocks", "BuildingBlocks", "{408C3C5D-1EB9-4A39-8158-F0C617DCC664}"
EndProject
Project("{FAE04EC0-301F-11D3-BF4B-00C04F79EFBC}") = "BuildingBlocks", "BuildingBlocks\BuildingBlocks\BuildingBlocks.csproj", "{F93849DD-66F2-43BA-A16F-5FB18ADDAFEE}"
EndProject
Project("{E53339B2-1760-4266-BCC7-CA923CBCF16C}") = "docker-compose", "docker-compose.dcproj", "{4CE8DDD8-A9DD-4D28-8EEC-E07AC11B839D}"
EndProject
Project("{2150E333-8FDC-42A3-9474-1A3956D46DE8}") = "Basket", "Basket", "{C97A6F96-1A73-430B-812F-1F697ED05EA7}"
EndProject
Project("{FAE04EC0-301F-11D3-BF4B-00C04F79EFBC}") = "Basket.API", "Services\Basket\Basket.API\Basket.API.csproj", "{91957FDE-5F58-457A-A5C9-86A152595C42}"
EndProject
Project("{2150E333-8FDC-42A3-9474-1A3956D46DE8}") = "Discount", "Discount", "{488792BC-1FE6-4F32-884D-FD342521F9D8}"
EndProject
Project("{FAE04EC0-301F-11D3-BF4B-00C04F79EFBC}") = "Discount.grpc", "Services\Discount\Discount.grpc\Discount.grpc.csproj", "{F754BFE0-EABE-42B9-AB46-9F53E7CC09B8}"
EndProject
Project("{2150E333-8FDC-42A3-9474-1A3956D46DE8}") = "Ordering", "Ordering", "{E13A6673-A792-45A2-AB2D-1D1BD3917931}"
EndProject
Project("{FAE04EC0-301F-11D3-BF4B-00C04F79EFBC}") = "Ordering.API", "Services\Ordering\Ordering.API\Ordering.API.csproj", "{DEEEA0C6-3543-4BA6-855C-DD66B2C0F5D9}"
EndProject
Project("{FAE04EC0-301F-11D3-BF4B-00C04F79EFBC}") = "Ordering.Domain", "Services\Ordering\Ordering.Domain\Ordering.Domain.csproj", "{233CF32E-EBDB-457C-8BC5-BE44679BCD0B}"
EndProject
Project("{FAE04EC0-301F-11D3-BF4B-00C04F79EFBC}") = "Ordering.Application", "Services\Ordering\Ordering.Application\Ordering.Application.csproj", "{FBE1072C-EC39-4BAB-B2AA-8753DB85B6B0}"
EndProject
Project("{FAE04EC0-301F-11D3-BF4B-00C04F79EFBC}") = "Ordering.Infrastructure", "Services\Ordering\Ordering.Infrastructure\Ordering.Infrastructure.csproj", "{055BD1AC-DB63-4B25-AAFF-7A474FE45C53}"
EndProject
Global
	GlobalSection(SolutionConfigurationPlatforms) = preSolution
		Debug|Any CPU = Debug|Any CPU
		Release|Any CPU = Release|Any CPU
	EndGlobalSection
	GlobalSection(ProjectConfigurationPlatforms) = postSolution
		{701E07AE-40F8-4499-8233-96981AD052CE}.Debug|Any CPU.ActiveCfg = Debug|Any CPU
		{701E07AE-40F8-4499-8233-96981AD052CE}.Debug|Any CPU.Build.0 = Debug|Any CPU
		{701E07AE-40F8-4499-8233-96981AD052CE}.Release|Any CPU.ActiveCfg = Release|Any CPU
		{701E07AE-40F8-4499-8233-96981AD052CE}.Release|Any CPU.Build.0 = Release|Any CPU
		{F93849DD-66F2-43BA-A16F-5FB18ADDAFEE}.Debug|Any CPU.ActiveCfg = Debug|Any CPU
		{F93849DD-66F2-43BA-A16F-5FB18ADDAFEE}.Debug|Any CPU.Build.0 = Debug|Any CPU
		{F93849DD-66F2-43BA-A16F-5FB18ADDAFEE}.Release|Any CPU.ActiveCfg = Release|Any CPU
		{F93849DD-66F2-43BA-A16F-5FB18ADDAFEE}.Release|Any CPU.Build.0 = Release|Any CPU
		{4CE8DDD8-A9DD-4D28-8EEC-E07AC11B839D}.Debug|Any CPU.ActiveCfg = Debug|Any CPU
		{4CE8DDD8-A9DD-4D28-8EEC-E07AC11B839D}.Debug|Any CPU.Build.0 = Debug|Any CPU
		{4CE8DDD8-A9DD-4D28-8EEC-E07AC11B839D}.Release|Any CPU.ActiveCfg = Release|Any CPU
		{4CE8DDD8-A9DD-4D28-8EEC-E07AC11B839D}.Release|Any CPU.Build.0 = Release|Any CPU
		{91957FDE-5F58-457A-A5C9-86A152595C42}.Debug|Any CPU.ActiveCfg = Debug|Any CPU
		{91957FDE-5F58-457A-A5C9-86A152595C42}.Debug|Any CPU.Build.0 = Debug|Any CPU
		{91957FDE-5F58-457A-A5C9-86A152595C42}.Release|Any CPU.ActiveCfg = Release|Any CPU
		{91957FDE-5F58-457A-A5C9-86A152595C42}.Release|Any CPU.Build.0 = Release|Any CPU
		{F754BFE0-EABE-42B9-AB46-9F53E7CC09B8}.Debug|Any CPU.ActiveCfg = Debug|Any CPU
		{F754BFE0-EABE-42B9-AB46-9F53E7CC09B8}.Debug|Any CPU.Build.0 = Debug|Any CPU
		{F754BFE0-EABE-42B9-AB46-9F53E7CC09B8}.Release|Any CPU.ActiveCfg = Release|Any CPU
		{F754BFE0-EABE-42B9-AB46-9F53E7CC09B8}.Release|Any CPU.Build.0 = Release|Any CPU
		{DEEEA0C6-3543-4BA6-855C-DD66B2C0F5D9}.Debug|Any CPU.ActiveCfg = Debug|Any CPU
		{DEEEA0C6-3543-4BA6-855C-DD66B2C0F5D9}.Debug|Any CPU.Build.0 = Debug|Any CPU
		{DEEEA0C6-3543-4BA6-855C-DD66B2C0F5D9}.Release|Any CPU.ActiveCfg = Release|Any CPU
		{DEEEA0C6-3543-4BA6-855C-DD66B2C0F5D9}.Release|Any CPU.Build.0 = Release|Any CPU
		{233CF32E-EBDB-457C-8BC5-BE44679BCD0B}.Debug|Any CPU.ActiveCfg = Debug|Any CPU
		{233CF32E-EBDB-457C-8BC5-BE44679BCD0B}.Debug|Any CPU.Build.0 = Debug|Any CPU
		{233CF32E-EBDB-457C-8BC5-BE44679BCD0B}.Release|Any CPU.ActiveCfg = Release|Any CPU
		{233CF32E-EBDB-457C-8BC5-BE44679BCD0B}.Release|Any CPU.Build.0 = Release|Any CPU
		{FBE1072C-EC39-4BAB-B2AA-8753DB85B6B0}.Debug|Any CPU.ActiveCfg = Debug|Any CPU
		{FBE1072C-EC39-4BAB-B2AA-8753DB85B6B0}.Debug|Any CPU.Build.0 = Debug|Any CPU
		{FBE1072C-EC39-4BAB-B2AA-8753DB85B6B0}.Release|Any CPU.ActiveCfg = Release|Any CPU
		{FBE1072C-EC39-4BAB-B2AA-8753DB85B6B0}.Release|Any CPU.Build.0 = Release|Any CPU
		{055BD1AC-DB63-4B25-AAFF-7A474FE45C53}.Debug|Any CPU.ActiveCfg = Debug|Any CPU
		{055BD1AC-DB63-4B25-AAFF-7A474FE45C53}.Debug|Any CPU.Build.0 = Debug|Any CPU
		{055BD1AC-DB63-4B25-AAFF-7A474FE45C53}.Release|Any CPU.ActiveCfg = Release|Any CPU
		{055BD1AC-DB63-4B25-AAFF-7A474FE45C53}.Release|Any CPU.Build.0 = Release|Any CPU
	EndGlobalSection
	GlobalSection(SolutionProperties) = preSolution
		HideSolutionNode = FALSE
	EndGlobalSection
	GlobalSection(NestedProjects) = preSolution
		{FFF00D84-0375-44E6-8237-48ACA2331528} = {26E52E2C-201F-452E-BF35-7F29709C8FE4}
		{701E07AE-40F8-4499-8233-96981AD052CE} = {FFF00D84-0375-44E6-8237-48ACA2331528}
		{F93849DD-66F2-43BA-A16F-5FB18ADDAFEE} = {408C3C5D-1EB9-4A39-8158-F0C617DCC664}
		{C97A6F96-1A73-430B-812F-1F697ED05EA7} = {26E52E2C-201F-452E-BF35-7F29709C8FE4}
		{91957FDE-5F58-457A-A5C9-86A152595C42} = {C97A6F96-1A73-430B-812F-1F697ED05EA7}
		{488792BC-1FE6-4F32-884D-FD342521F9D8} = {26E52E2C-201F-452E-BF35-7F29709C8FE4}
		{F754BFE0-EABE-42B9-AB46-9F53E7CC09B8} = {488792BC-1FE6-4F32-884D-FD342521F9D8}
		{E13A6673-A792-45A2-AB2D-1D1BD3917931} = {26E52E2C-201F-452E-BF35-7F29709C8FE4}
		{DEEEA0C6-3543-4BA6-855C-DD66B2C0F5D9} = {E13A6673-A792-45A2-AB2D-1D1BD3917931}
		{233CF32E-EBDB-457C-8BC5-BE44679BCD0B} = {E13A6673-A792-45A2-AB2D-1D1BD3917931}
		{FBE1072C-EC39-4BAB-B2AA-8753DB85B6B0} = {E13A6673-A792-45A2-AB2D-1D1BD3917931}
		{055BD1AC-DB63-4B25-AAFF-7A474FE45C53} = {E13A6673-A792-45A2-AB2D-1D1BD3917931}
	EndGlobalSection
EndGlobal
